// !$*UTF8*$!
{
	archiveVersion = 1;
	classes = {
	};
	objectVersion = 46;
	objects = {

/* Begin PBXBuildFile section */
		DE1D3F9F1DC1EBEF0091BC83 /* AppDelegate.swift in Sources */ = {isa = PBXBuildFile; fileRef = DE1D3F9E1DC1EBEF0091BC83 /* AppDelegate.swift */; };
		DE1D3FA11DC1EBEF0091BC83 /* ViewController.swift in Sources */ = {isa = PBXBuildFile; fileRef = DE1D3FA01DC1EBEF0091BC83 /* ViewController.swift */; };
		DE1D3FA41DC1EBEF0091BC83 /* Main.storyboard in Resources */ = {isa = PBXBuildFile; fileRef = DE1D3FA21DC1EBEF0091BC83 /* Main.storyboard */; };
		DE1D3FA61DC1EBEF0091BC83 /* Assets.xcassets in Resources */ = {isa = PBXBuildFile; fileRef = DE1D3FA51DC1EBEF0091BC83 /* Assets.xcassets */; };
		DE1D3FA91DC1EBEF0091BC83 /* LaunchScreen.storyboard in Resources */ = {isa = PBXBuildFile; fileRef = DE1D3FA71DC1EBEF0091BC83 /* LaunchScreen.storyboard */; };
/* End PBXBuildFile section */

/* Begin PBXFileReference section */
		DE1D3F9B1DC1EBEF0091BC83 /* currency converter.app */ = {isa = PBXFileReference; explicitFileType = wrapper.application; includeInIndex = 0; path = "currency converter.app"; sourceTree = BUILT_PRODUCTS_DIR; };
		DE1D3F9E1DC1EBEF0091BC83 /* AppDelegate.swift */ = {isa = PBXFileReference; lastKnownFileType = sourcecode.swift; path = AppDelegate.swift; sourceTree = "<group>"; };
		DE1D3FA01DC1EBEF0091BC83 /* ViewController.swift */ = {isa = PBXFileReference; lastKnownFileType = sourcecode.swift; path = ViewController.swift; sourceTree = "<group>"; };
		DE1D3FA31DC1EBEF0091BC83 /* Base */ = {isa = PBXFileReference; lastKnownFileType = file.storyboard; name = Base; path = Base.lproj/Main.storyboard; sourceTree = "<group>"; };
		DE1D3FA51DC1EBEF0091BC83 /* Assets.xcassets */ = {isa = PBXFileReference; lastKnownFileType = folder.assetcatalog; path = Assets.xcassets; sourceTree = "<group>"; };
		DE1D3FA81DC1EBEF0091BC83 /* Base */ = {isa = PBXFileReference; lastKnownFileType = file.storyboard; name = Base; path = Base.lproj/LaunchScreen.storyboard; sourceTree = "<group>"; };
		DE1D3FAA1DC1EBEF0091BC83 /* Info.plist */ = {isa = PBXFileReference; lastKnownFileType = text.plist.xml; path = Info.plist; sourceTree = "<group>"; };
/* End PBXFileReference section */

/* Begin PBXFrameworksBuildPhase section */
		DE1D3F981DC1EBEF0091BC83 /* Frameworks */ = {
			isa = PBXFrameworksBuildPhase;
			buildActionMask = 2147483647;
			files = (
			);
			runOnlyForDeploymentPostprocessing = 0;
		};
/* End PBXFrameworksBuildPhase section */

/* Begin PBXGroup section */
		DE1D3F921DC1EBEF0091BC83 = {
			isa = PBXGroup;
			children = (
				DE1D3F9D1DC1EBEF0091BC83 /* currency converter */,
				DE1D3F9C1DC1EBEF0091BC83 /* Products */,
			);
			sourceTree = "<group>";
		};
		DE1D3F9C1DC1EBEF0091BC83 /* Products */ = {
			isa = PBXGroup;
			children = (
				DE1D3F9B1DC1EBEF0091BC83 /* currency converter.app */,
			);
			name = Products;
			sourceTree = "<group>";
		};
		DE1D3F9D1DC1EBEF0091BC83 /* currency converter */ = {
			isa = PBXGroup;
			children = (
				DE1D3F9E1DC1EBEF0091BC83 /* AppDelegate.swift */,
				DE1D3FA01DC1EBEF0091BC83 /* ViewController.swift */,
				DE1D3FA21DC1EBEF0091BC83 /* Main.storyboard */,
				DE1D3FA51DC1EBEF0091BC83 /* Assets.xcassets */,
				DE1D3FA71DC1EBEF0091BC83 /* LaunchScreen.storyboard */,
				DE1D3FAA1DC1EBEF0091BC83 /* Info.plist */,
			);
			path = "currency converter";
			sourceTree = "<group>";
		};
/* End PBXGroup section */

/* Begin PBXNativeTarget section */
		DE1D3F9A1DC1EBEF0091BC83 /* currency converter */ = {
			isa = PBXNativeTarget;
			buildConfigurationList = DE1D3FAD1DC1EBEF0091BC83 /* Build configuration list for PBXNativeTarget "currency converter" */;
			buildPhases = (
				DE1D3F971DC1EBEF0091BC83 /* Sources */,
				DE1D3F981DC1EBEF0091BC83 /* Frameworks */,
				DE1D3F991DC1EBEF0091BC83 /* Resources */,
			);
			buildRules = (
			);
			dependencies = (
			);
			name = "currency converter";
			productName = "currency converter";
			productReference = DE1D3F9B1DC1EBEF0091BC83 /* currency converter.app */;
			productType = "com.apple.product-type.application";
		};
/* End PBXNativeTarget section */

/* Begin PBXProject section */
		DE1D3F931DC1EBEF0091BC83 /* Project object */ = {
			isa = PBXProject;
			attributes = {
				LastSwiftUpdateCheck = 0800;
				LastUpgradeCheck = 0800;
				ORGANIZATIONNAME = MAGNUMIUM;
				TargetAttributes = {
					DE1D3F9A1DC1EBEF0091BC83 = {
						CreatedOnToolsVersion = 8.0;
						DevelopmentTeam = 7X97G3MQ75;
						ProvisioningStyle = Automatic;
					};
				};
			};
			buildConfigurationList = DE1D3F961DC1EBEF0091BC83 /* Build configuration list for PBXProject "currency converter" */;
			compatibilityVersion = "Xcode 3.2";
			developmentRegion = English;
			hasScannedForEncodings = 0;
			knownRegions = (
				en,
				Base,
			);
			mainGroup = DE1D3F921DC1EBEF0091BC83;
			productRefGroup = DE1D3F9C1DC1EBEF0091BC83 /* Products */;
			projectDirPath = "";
			projectRoot = "";
			targets = (
				DE1D3F9A1DC1EBEF0091BC83 /* currency converter */,
			);
		};
/* End PBXProject section */

/* Begin PBXResourcesBuildPhase section */
		DE1D3F991DC1EBEF0091BC83 /* Resources */ = {
			isa = PBXResourcesBuildPhase;
			buildActionMask = 2147483647;
			files = (
				DE1D3FA91DC1EBEF0091BC83 /* LaunchScreen.storyboard in Resources */,
				DE1D3FA61DC1EBEF0091BC83 /* Assets.xcassets in Resources */,
				DE1D3FA41DC1EBEF0091BC83 /* Main.storyboard in Resources */,
			);
			runOnlyForDeploymentPostprocessing = 0;
		};
/* End PBXResourcesBuildPhase section */

/* Begin PBXSourcesBuildPhase section */
		DE1D3F971DC1EBEF0091BC83 /* Sources */ = {
			isa = PBXSourcesBuildPhase;
			buildActionMask = 2147483647;
			files = (
				DE1D3FA11DC1EBEF0091BC83 /* ViewController.swift in Sources */,
				DE1D3F9F1DC1EBEF0091BC83 /* AppDelegate.swift in Sources */,
			);
			runOnlyForDeploymentPostprocessing = 0;
		};
/* End PBXSourcesBuildPhase section */

/* Begin PBXVariantGroup section */
		DE1D3FA21DC1EBEF0091BC83 /* Main.storyboard */ = {
			isa = PBXVariantGroup;
			children = (
				DE1D3FA31DC1EBEF0091BC83 /* Base */,
			);
			name = Main.storyboard;
			sourceTree = "<group>";
		};
		DE1D3FA71DC1EBEF0091BC83 /* LaunchScreen.storyboard */ = {
			isa = PBXVariantGroup;
			children = (
				DE1D3FA81DC1EBEF0091BC83 /* Base */,
			);
			name = LaunchScreen.storyboard;
			sourceTree = "<group>";
		};
/* End PBXVariantGroup section */

/* Begin XCBuildConfiguration section */
		DE1D3FAB1DC1EBEF0091BC83 /* Debug */ = {
			isa = XCBuildConfiguration;
			buildSettings = {
				ALWAYS_SEARCH_USER_PATHS = NO;
				CLANG_ANALYZER_NONNULL = YES;
				CLANG_CXX_LANGUAGE_STANDARD = "gnu++0x";
				CLANG_CXX_LIBRARY = "libc++";
				CLANG_ENABLE_MODULES = YES;
				CLANG_ENABLE_OBJC_ARC = YES;
				CLANG_WARN_BOOL_CONVERSION = YES;
				CLANG_WARN_CONSTANT_CONVERSION = YES;
				CLANG_WARN_DIRECT_OBJC_ISA_USAGE = YES_ERROR;
				CLANG_WARN_DOCUMENTATION_COMMENTS = YES;
				CLANG_WARN_EMPTY_BODY = YES;
				CLANG_WARN_ENUM_CONVERSION = YES;
				CLANG_WARN_INFINITE_RECURSION = YES;
				CLANG_WARN_INT_CONVERSION = YES;
				CLANG_WARN_OBJC_ROOT_CLASS = YES_ERROR;
				CLANG_WARN_SUSPICIOUS_MOVES = YES;
				CLANG_WARN_UNREACHABLE_CODE = YES;
				CLANG_WARN__DUPLICATE_METHOD_MATCH = YES;
				"CODE_SIGN_IDENTITY[sdk=iphoneos*]" = "iPhone Developer";
				COPY_PHASE_STRIP = NO;
				DEBUG_INFORMATION_FORMAT = dwarf;
				ENABLE_STRICT_OBJC_MSGSEND = YES;
				ENABLE_TESTABILITY = YES;
				GCC_C_LANGUAGE_STANDARD = gnu99;
				GCC_DYNAMIC_NO_PIC = NO;
				GCC_NO_COMMON_BLOCKS = YES;
				GCC_OPTIMIZATION_LEVEL = 0;
				GCC_PREPROCESSOR_DEFINITIONS = (
					"DEBUG=1",
					"$(inherited)",
				);
				GCC_WARN_64_TO_32_BIT_CONVERSION = YES;
				GCC_WARN_ABOUT_RETURN_TYPE = YES_ERROR;
				GCC_WARN_UNDECLARED_SELECTOR = YES;
				GCC_WARN_UNINITIALIZED_AUTOS = YES_AGGRESSIVE;
				GCC_WARN_UNUSED_FUNCTION = YES;
				GCC_WARN_UNUSED_VARIABLE = YES;
				IPHONEOS_DEPLOYMENT_TARGET = 10.0;
				MTL_ENABLE_DEBUG_INFO = YES;
				ONLY_ACTIVE_ARCH = YES;
				SDKROOT = iphoneos;
				SWIFT_ACTIVE_COMPILATION_CONDITIONS = DEBUG;
				SWIFT_OPTIMIZATION_LEVEL = "-Onone";
			};
			name = Debug;
		};
		DE1D3FAC1DC1EBEF0091BC83 /* Release */ = {
			isa = XCBuildConfiguration;
			buildSettings = {
				ALWAYS_SEARCH_USER_PATHS = NO;
				CLANG_ANALYZER_NONNULL = YES;
				CLANG_CXX_LANGUAGE_STANDARD = "gnu++0x";
				CLANG_CXX_LIBRARY = "libc++";
				CLANG_ENABLE_MODULES = YES;
				CLANG_ENABLE_OBJC_ARC = YES;
				CLANG_WARN_BOOL_CONVERSION = YES;
				CLANG_WARN_CONSTANT_CONVERSION = YES;
				CLANG_WARN_DIRECT_OBJC_ISA_USAGE = YES_ERROR;
				CLANG_WARN_DOCUMENTATION_COMMENTS = YES;
				CLANG_WARN_EMPTY_BODY = YES;
				CLANG_WARN_ENUM_CONVERSION = YES;
				CLANG_WARN_INFINITE_RECURSION = YES;
				CLANG_WARN_INT_CONVERSION = YES;
				CLANG_WARN_OBJC_ROOT_CLASS = YES_ERROR;
				CLANG_WARN_SUSPICIOUS_MOVES = YES;
				CLANG_WARN_UNREACHABLE_CODE = YES;
				CLANG_WARN__DUPLICATE_METHOD_MATCH = YES;
				"CODE_SIGN_IDENTITY[sdk=iphoneos*]" = "iPhone Developer";
				COPY_PHASE_STRIP = NO;
				DEBUG_INFORMATION_FORMAT = "dwarf-with-dsym";
				ENABLE_NS_ASSERTIONS = NO;
				ENABLE_STRICT_OBJC_MSGSEND = YES;
				GCC_C_LANGUAGE_STANDARD = gnu99;
				GCC_NO_COMMON_BLOCKS = YES;
				GCC_WARN_64_TO_32_BIT_CONVERSION = YES;
				GCC_WARN_ABOUT_RETURN_TYPE = YES_ERROR;
				GCC_WARN_UNDECLARED_SELECTOR = YES;
				GCC_WARN_UNINITIALIZED_AUTOS = YES_AGGRESSIVE;
				GCC_WARN_UNUSED_FUNCTION = YES;
				GCC_WARN_UNUSED_VARIABLE = YES;
				IPHONEOS_DEPLOYMENT_TARGET = 10.0;
				MTL_ENABLE_DEBUG_INFO = NO;
				SDKROOT = iphoneos;
				SWIFT_OPTIMIZATION_LEVEL = "-Owholemodule";
				VALIDATE_PRODUCT = YES;
			};
			name = Release;
		};
		DE1D3FAE1DC1EBEF0091BC83 /* Debug */ = {
			isa = XCBuildConfiguration;
			buildSettings = {
				ASSETCATALOG_COMPILER_APPICON_NAME = AppIcon;
				DEVELOPMENT_TEAM = 7X97G3MQ75;
				INFOPLIST_FILE = "currency converter/Info.plist";
				LD_RUNPATH_SEARCH_PATHS = "$(inherited) @executable_path/Frameworks";
				PRODUCT_BUNDLE_IDENTIFIER = "com.magnumium.currency-converter";
				PRODUCT_NAME = "$(TARGET_NAME)";
				SWIFT_VERSION = 3.0;
			};
			name = Debug;
		};
		DE1D3FAF1DC1EBEF0091BC83 /* Release */ = {
			isa = XCBuildConfiguration;
			buildSettings = {
				ASSETCATALOG_COMPILER_APPICON_NAME = AppIcon;
				DEVELOPMENT_TEAM = 7X97G3MQ75;
				INFOPLIST_FILE = "currency converter/Info.plist";
				LD_RUNPATH_SEARCH_PATHS = "$(inherited) @executable_path/Frameworks";
				PRODUCT_BUNDLE_IDENTIFIER = "com.magnumium.currency-converter";
				PRODUCT_NAME = "$(TARGET_NAME)";
				SWIFT_VERSION = 3.0;
			};
			name = Release;
		};
/* End XCBuildConfiguration section */

/* Begin XCConfigurationList section */
		DE1D3F961DC1EBEF0091BC83 /* Build configuration list for PBXProject "currency converter" */ = {
			isa = XCConfigurationList;
			buildConfigurations = (
				DE1D3FAB1DC1EBEF0091BC83 /* Debug */,
				DE1D3FAC1DC1EBEF0091BC83 /* Release */,
			);
			defaultConfigurationIsVisible = 0;
			defaultConfigurationName = Release;
		};
		DE1D3FAD1DC1EBEF0091BC83 /* Build configuration list for PBXNativeTarget "currency converter" */ = {
			isa = XCConfigurationList;
			buildConfigurations = (
				DE1D3FAE1DC1EBEF0091BC83 /* Debug */,
				DE1D3FAF1DC1EBEF0091BC83 /* Release */,
			);
			defaultConfigurationIsVisible = 0;
		};
/* End XCConfigurationList section */
	};
	rootObject = DE1D3F931DC1EBEF0091BC83 /* Project object */;
}
